
Microsoft Visual Studio Solution File, Format Version 12.00
# Visual Studio 2015
Project("{FAE04EC0-301F-11D3-BF4B-00C04F79EFBC}") = "Toxo-Unity", "Toxo-Unity.csproj", "{5CDD3FE8-C932-D26A-3E9E-6FB367BD136E}"
EndProject
Project("{FAE04EC0-301F-11D3-BF4B-00C04F79EFBC}") = "Toxo-Unity.Editor", "Toxo-Unity.Editor.csproj", "{520E3774-4CE6-3F2A-2238-3BF55D7D38FC}"
EndProject
Global
	GlobalSection(SolutionConfigurationPlatforms) = preSolution
		Debug|Any CPU = Debug|Any CPU
		Release|Any CPU = Release|Any CPU
	EndGlobalSection
	GlobalSection(ProjectConfigurationPlatforms) = postSolution
		{5CDD3FE8-C932-D26A-3E9E-6FB367BD136E}.Debug|Any CPU.ActiveCfg = Debug|Any CPU
		{5CDD3FE8-C932-D26A-3E9E-6FB367BD136E}.Debug|Any CPU.Build.0 = Debug|Any CPU
		{5CDD3FE8-C932-D26A-3E9E-6FB367BD136E}.Release|Any CPU.ActiveCfg = Release|Any CPU
		{5CDD3FE8-C932-D26A-3E9E-6FB367BD136E}.Release|Any CPU.Build.0 = Release|Any CPU
		{520E3774-4CE6-3F2A-2238-3BF55D7D38FC}.Debug|Any CPU.ActiveCfg = Debug|Any CPU
		{520E3774-4CE6-3F2A-2238-3BF55D7D38FC}.Debug|Any CPU.Build.0 = Debug|Any CPU
		{520E3774-4CE6-3F2A-2238-3BF55D7D38FC}.Release|Any CPU.ActiveCfg = Release|Any CPU
		{520E3774-4CE6-3F2A-2238-3BF55D7D38FC}.Release|Any CPU.Build.0 = Release|Any CPU
	EndGlobalSection
	GlobalSection(SolutionProperties) = preSolution
		HideSolutionNode = FALSE
	EndGlobalSection
EndGlobal
